
Microsoft Visual Studio Solution File, Format Version 12.00
# Visual Studio Version 16
VisualStudioVersion = 16.0.32929.386
MinimumVisualStudioVersion = 10.0.40219.1
Project("{FAE04EC0-301F-11D3-BF4B-00C04F79EFBC}") = "gestion_ecole", "WindowsFormsApp4\gestion_ecole.csproj", "{781B2BB3-951A-4FB4-BFD8-CFC29184DCA4}"
EndProject
Global
	GlobalSection(SolutionConfigurationPlatforms) = preSolution
		Debug|Any CPU = Debug|Any CPU
		Release|Any CPU = Release|Any CPU
	EndGlobalSection
	GlobalSection(ProjectConfigurationPlatforms) = postSolution
		{781B2BB3-951A-4FB4-BFD8-CFC29184DCA4}.Debug|Any CPU.ActiveCfg = Debug|Any CPU
		{781B2BB3-951A-4FB4-BFD8-CFC29184DCA4}.Debug|Any CPU.Build.0 = Debug|Any CPU
		{781B2BB3-951A-4FB4-BFD8-CFC29184DCA4}.Release|Any CPU.ActiveCfg = Release|Any CPU
		{781B2BB3-951A-4FB4-BFD8-CFC29184DCA4}.Release|Any CPU.Build.0 = Release|Any CPU
	EndGlobalSection
	GlobalSection(SolutionProperties) = preSolution
		HideSolutionNode = FALSE
	EndGlobalSection
	GlobalSection(ExtensibilityGlobals) = postSolution
		SolutionGuid = {78760118-A4DA-4EE9-95A6-28712ACCE2E9}
	EndGlobalSection
EndGlobal
